
Microsoft Visual Studio Solution File, Format Version 12.00
# Visual Studio Version 17
VisualStudioVersion = 17.8.34511.84
MinimumVisualStudioVersion = 10.0.40219.1
Project("{FAE04EC0-301F-11D3-BF4B-00C04F79EFBC}") = "ontapktra2", "ontapktra2.csproj", "{3FF7CAA0-A449-4552-A636-B32F742D3546}"
EndProject
Global
	GlobalSection(SolutionConfigurationPlatforms) = preSolution
		Debug|Any CPU = Debug|Any CPU
		Release|Any CPU = Release|Any CPU
	EndGlobalSection
	GlobalSection(ProjectConfigurationPlatforms) = postSolution
		{3FF7CAA0-A449-4552-A636-B32F742D3546}.Debug|Any CPU.ActiveCfg = Debug|Any CPU
		{3FF7CAA0-A449-4552-A636-B32F742D3546}.Debug|Any CPU.Build.0 = Debug|Any CPU
		{3FF7CAA0-A449-4552-A636-B32F742D3546}.Release|Any CPU.ActiveCfg = Release|Any CPU
		{3FF7CAA0-A449-4552-A636-B32F742D3546}.Release|Any CPU.Build.0 = Release|Any CPU
	EndGlobalSection
	GlobalSection(SolutionProperties) = preSolution
		HideSolutionNode = FALSE
	EndGlobalSection
	GlobalSection(ExtensibilityGlobals) = postSolution
		SolutionGuid = {F11DEC15-7E42-49A8-8321-6F4A8AB4A3D0}
	EndGlobalSection
EndGlobal
